{
  "name": "ssseeeace.github.io",
  "lockfileVersion": 3,
  "requires": true,
  "packages": {
    "": {
      "dependencies": {
        "typed.js": "^2.0.132"
      }
    },
    "node_modules/typed.js": {
      "version": "2.0.132",
      "resolved": "https://registry.npmjs.org/typed.js/-/typed.js-2.0.132.tgz",
      "integrity": "sha512-6lWs7dqLtfvZZtNLUJte5RYkT0rj2ACOwkeWghxSnyChSu/ZHX2NlT1KHc2daqVx3073wLIJYlCL2aHcjWYCAQ=="
    }
  }
}
